
Microsoft Visual Studio Solution File, Format Version 12.00
# Visual Studio 2012
Project("{FAE04EC0-301F-11D3-BF4B-00C04F79EFBC}") = "Simple Calculator", "Simple Calculator\Simple Calculator.csproj", "{CBB9D43E-B276-4ABB-8396-4B69C55F6190}"
EndProject
Global
	GlobalSection(SolutionConfigurationPlatforms) = preSolution
		Debug|Any CPU = Debug|Any CPU
		Release|Any CPU = Release|Any CPU
	EndGlobalSection
	GlobalSection(ProjectConfigurationPlatforms) = postSolution
		{CBB9D43E-B276-4ABB-8396-4B69C55F6190}.Debug|Any CPU.ActiveCfg = Debug|Any CPU
		{CBB9D43E-B276-4ABB-8396-4B69C55F6190}.Debug|Any CPU.Build.0 = Debug|Any CPU
		{CBB9D43E-B276-4ABB-8396-4B69C55F6190}.Release|Any CPU.ActiveCfg = Release|Any CPU
		{CBB9D43E-B276-4ABB-8396-4B69C55F6190}.Release|Any CPU.Build.0 = Release|Any CPU
	EndGlobalSection
	GlobalSection(SolutionProperties) = preSolution
		HideSolutionNode = FALSE
	EndGlobalSection
EndGlobal
